
Microsoft Visual Studio Solution File, Format Version 12.00
# Visual Studio Version 17
VisualStudioVersion = 17.8.34330.188
MinimumVisualStudioVersion = 10.0.40219.1
Project("{888888A0-9F3D-457C-B088-3A5042F75D52}") = "Day11(black jack game) (capstone project 1 )", "Day11(black jack game) (capstone project 1 )\Day11(black jack game) (capstone project 1 ).pyproj", "{BE5F2520-E5E8-4F98-856F-429B4B981AA7}"
EndProject
Global
	GlobalSection(SolutionConfigurationPlatforms) = preSolution
		Debug|Any CPU = Debug|Any CPU
		Release|Any CPU = Release|Any CPU
	EndGlobalSection
	GlobalSection(ProjectConfigurationPlatforms) = postSolution
		{BE5F2520-E5E8-4F98-856F-429B4B981AA7}.Debug|Any CPU.ActiveCfg = Debug|Any CPU
		{BE5F2520-E5E8-4F98-856F-429B4B981AA7}.Release|Any CPU.ActiveCfg = Release|Any CPU
	EndGlobalSection
	GlobalSection(SolutionProperties) = preSolution
		HideSolutionNode = FALSE
	EndGlobalSection
	GlobalSection(ExtensibilityGlobals) = postSolution
		SolutionGuid = {E82C3B5B-12D5-45A0-B93A-D45E1ADB4361}
	EndGlobalSection
EndGlobal
